
Microsoft Visual Studio Solution File, Format Version 12.00
Project("{2150E333-8FDC-42A3-9474-1A3956D46DE8}") = "src", "src", "{B29D50C8-38D9-45E1-8BB1-97A5E80CF926}"
EndProject
Project("{2150E333-8FDC-42A3-9474-1A3956D46DE8}") = "samples", "samples", "{F87937F4-E2DF-42D9-97E1-1B0F61594D9C}"
EndProject
Project("{2150E333-8FDC-42A3-9474-1A3956D46DE8}") = "tests", "tests", "{A9234669-6915-4B6D-9DEE-77EE6E410B3B}"
EndProject
Project("{2150E333-8FDC-42A3-9474-1A3956D46DE8}") = "benchmarks", "benchmarks", "{6025B5FD-79F0-42A9-A31F-3B86B65D4C8B}"
EndProject
Project("{FAE04EC0-301F-11D3-BF4B-00C04F79EFBC}") = "LuminUI", "src\LuminUI\LuminUI.csproj", "{99A2E45D-CBE5-49A1-940B-35A04521C245}"
EndProject
Project("{FAE04EC0-301F-11D3-BF4B-00C04F79EFBC}") = "LuminUI.Generator", "src\LuminUI.Generator\LuminUI.Generator.csproj", "{A0F97CD8-9075-4829-9539-2E076E7A98CD}"
EndProject
Project("{FAE04EC0-301F-11D3-BF4B-00C04F79EFBC}") = "LuminUI.Samples.Inventory", "samples\LuminUI.Samples.Inventory\LuminUI.Samples.Inventory.csproj", "{17E68023-A744-4F8F-A38B-032258CF4D77}"
EndProject
Project("{FAE04EC0-301F-11D3-BF4B-00C04F79EFBC}") = "LuminUI.Tests", "tests\LuminUI.Tests\LuminUI.Tests.csproj", "{6D579058-B012-426F-9F0D-B359B75EE7C9}"
EndProject
Project("{FAE04EC0-301F-11D3-BF4B-00C04F79EFBC}") = "LuminUI.Benchmarks", "benchmarks\LuminUI.Benchmarks\LuminUI.Benchmarks.csproj", "{5EB0D89E-D203-42A2-B83C-BE4FD7C92857}"
EndProject
Project("{FAE04EC0-301F-11D3-BF4B-00C04F79EFBC}") = "LuminUI.Generator.Tests", "tests\LuminUI.Generator.Tests\LuminUI.Generator.Tests.csproj", "{57DA8E61-E62C-491E-B6F6-D7FB2D8E3A61}"
EndProject
Global
	GlobalSection(SolutionConfigurationPlatforms) = preSolution
		Debug|Any CPU = Debug|Any CPU
		Release|Any CPU = Release|Any CPU
	EndGlobalSection
	GlobalSection(ProjectConfigurationPlatforms) = postSolution
		{99A2E45D-CBE5-49A1-940B-35A04521C245}.Debug|Any CPU.ActiveCfg = Debug|Any CPU
		{99A2E45D-CBE5-49A1-940B-35A04521C245}.Debug|Any CPU.Build.0 = Debug|Any CPU
		{99A2E45D-CBE5-49A1-940B-35A04521C245}.Release|Any CPU.ActiveCfg = Release|Any CPU
		{99A2E45D-CBE5-49A1-940B-35A04521C245}.Release|Any CPU.Build.0 = Release|Any CPU
		{A0F97CD8-9075-4829-9539-2E076E7A98CD}.Debug|Any CPU.ActiveCfg = Debug|Any CPU
		{A0F97CD8-9075-4829-9539-2E076E7A98CD}.Debug|Any CPU.Build.0 = Debug|Any CPU
		{A0F97CD8-9075-4829-9539-2E076E7A98CD}.Release|Any CPU.ActiveCfg = Release|Any CPU
		{A0F97CD8-9075-4829-9539-2E076E7A98CD}.Release|Any CPU.Build.0 = Release|Any CPU
		{17E68023-A744-4F8F-A38B-032258CF4D77}.Debug|Any CPU.ActiveCfg = Debug|Any CPU
		{17E68023-A744-4F8F-A38B-032258CF4D77}.Debug|Any CPU.Build.0 = Debug|Any CPU
		{17E68023-A744-4F8F-A38B-032258CF4D77}.Release|Any CPU.ActiveCfg = Release|Any CPU
		{17E68023-A744-4F8F-A38B-032258CF4D77}.Release|Any CPU.Build.0 = Release|Any CPU
		{6D579058-B012-426F-9F0D-B359B75EE7C9}.Debug|Any CPU.ActiveCfg = Debug|Any CPU
		{6D579058-B012-426F-9F0D-B359B75EE7C9}.Debug|Any CPU.Build.0 = Debug|Any CPU
		{6D579058-B012-426F-9F0D-B359B75EE7C9}.Release|Any CPU.ActiveCfg = Release|Any CPU
		{6D579058-B012-426F-9F0D-B359B75EE7C9}.Release|Any CPU.Build.0 = Release|Any CPU
		{5EB0D89E-D203-42A2-B83C-BE4FD7C92857}.Debug|Any CPU.ActiveCfg = Debug|Any CPU
		{5EB0D89E-D203-42A2-B83C-BE4FD7C92857}.Debug|Any CPU.Build.0 = Debug|Any CPU
		{5EB0D89E-D203-42A2-B83C-BE4FD7C92857}.Release|Any CPU.ActiveCfg = Release|Any CPU
		{5EB0D89E-D203-42A2-B83C-BE4FD7C92857}.Release|Any CPU.Build.0 = Release|Any CPU
		{57DA8E61-E62C-491E-B6F6-D7FB2D8E3A61}.Debug|Any CPU.ActiveCfg = Debug|Any CPU
		{57DA8E61-E62C-491E-B6F6-D7FB2D8E3A61}.Debug|Any CPU.Build.0 = Debug|Any CPU
		{57DA8E61-E62C-491E-B6F6-D7FB2D8E3A61}.Release|Any CPU.ActiveCfg = Release|Any CPU
		{57DA8E61-E62C-491E-B6F6-D7FB2D8E3A61}.Release|Any CPU.Build.0 = Release|Any CPU
	EndGlobalSection
	GlobalSection(NestedProjects) = preSolution
		{99A2E45D-CBE5-49A1-940B-35A04521C245} = {B29D50C8-38D9-45E1-8BB1-97A5E80CF926}
		{A0F97CD8-9075-4829-9539-2E076E7A98CD} = {B29D50C8-38D9-45E1-8BB1-97A5E80CF926}
		{17E68023-A744-4F8F-A38B-032258CF4D77} = {F87937F4-E2DF-42D9-97E1-1B0F61594D9C}
		{6D579058-B012-426F-9F0D-B359B75EE7C9} = {A9234669-6915-4B6D-9DEE-77EE6E410B3B}
		{57DA8E61-E62C-491E-B6F6-D7FB2D8E3A61} = {A9234669-6915-4B6D-9DEE-77EE6E410B3B}
		{5EB0D89E-D203-42A2-B83C-BE4FD7C92857} = {6025B5FD-79F0-42A9-A31F-3B86B65D4C8B}
	EndGlobalSection
EndGlobal
